// !$*UTF8*$!
{
	archiveVersion = 1;
	classes = {
	};
	objectVersion = 50;
	objects = {

/* Begin PBXBuildFile section */
		0EA1609E00F30D5C91B58E51 /* libPods-HackWeek.a in Frameworks */ = {isa = PBXBuildFile; fileRef = E2E7958D7D4438D5297D7765 /* libPods-HackWeek.a */; };
		D5AAF8F724CEAA8000B6AF2E /* AppDelegate.m in Sources */ = {isa = PBXBuildFile; fileRef = D5AAF8F624CEAA8000B6AF2E /* AppDelegate.m */; };
		D5AAF8FA24CEAA8000B6AF2E /* SceneDelegate.m in Sources */ = {isa = PBXBuildFile; fileRef = D5AAF8F924CEAA8000B6AF2E /* SceneDelegate.m */; };
		D5AAF8FD24CEAA8000B6AF2E /* ViewController.m in Sources */ = {isa = PBXBuildFile; fileRef = D5AAF8FC24CEAA8000B6AF2E /* ViewController.m */; };
		D5AAF90024CEAA8000B6AF2E /* Main.storyboard in Resources */ = {isa = PBXBuildFile; fileRef = D5AAF8FE24CEAA8000B6AF2E /* Main.storyboard */; };
		D5AAF90324CEAA8000B6AF2E /* HackWeek.xcdatamodeld in Sources */ = {isa = PBXBuildFile; fileRef = D5AAF90124CEAA8000B6AF2E /* HackWeek.xcdatamodeld */; };
		D5AAF90524CEAA8300B6AF2E /* Assets.xcassets in Resources */ = {isa = PBXBuildFile; fileRef = D5AAF90424CEAA8300B6AF2E /* Assets.xcassets */; };
		D5AAF90824CEAA8300B6AF2E /* LaunchScreen.storyboard in Resources */ = {isa = PBXBuildFile; fileRef = D5AAF90624CEAA8300B6AF2E /* LaunchScreen.storyboard */; };
		D5AAF90B24CEAA8300B6AF2E /* main.m in Sources */ = {isa = PBXBuildFile; fileRef = D5AAF90A24CEAA8300B6AF2E /* main.m */; };
		D5AAF91424CEAAA500B6AF2E /* LoginViewController.m in Sources */ = {isa = PBXBuildFile; fileRef = D5AAF91324CEAAA500B6AF2E /* LoginViewController.m */; };
		D5AAF91824CEBB5D00B6AF2E /* MainViewController.m in Sources */ = {isa = PBXBuildFile; fileRef = D5AAF91724CEBB5D00B6AF2E /* MainViewController.m */; };
		D5AAF91B24D05AAA00B6AF2E /* RegisterViewController.m in Sources */ = {isa = PBXBuildFile; fileRef = D5AAF91A24D05AAA00B6AF2E /* RegisterViewController.m */; };
		D5AAF92124D0F86300B6AF2E /* PageTableViewCell.m in Sources */ = {isa = PBXBuildFile; fileRef = D5AAF92024D0F86300B6AF2E /* PageTableViewCell.m */; };
		D5AAF92424D1282B00B6AF2E /* PageTableViewController.m in Sources */ = {isa = PBXBuildFile; fileRef = D5AAF92324D1282B00B6AF2E /* PageTableViewController.m */; };
		D5AAF92824D16CD700B6AF2E /* UserInfo.m in Sources */ = {isa = PBXBuildFile; fileRef = D5AAF92724D16CD700B6AF2E /* UserInfo.m */; };
		D5AAF92C24D16F4D00B6AF2E /* CustomTabbarViewController.m in Sources */ = {isa = PBXBuildFile; fileRef = D5AAF92B24D16F4D00B6AF2E /* CustomTabbarViewController.m */; };
		D5AAF93224D1753200B6AF2E /* PostTableViewController.m in Sources */ = {isa = PBXBuildFile; fileRef = D5AAF93124D1753200B6AF2E /* PostTableViewController.m */; };
/* End PBXBuildFile section */

/* Begin PBXFileReference section */
		0ED11203A8D8DCBCB0E1F9A3 /* Pods-HackWeek.debug.xcconfig */ = {isa = PBXFileReference; includeInIndex = 1; lastKnownFileType = text.xcconfig; name = "Pods-HackWeek.debug.xcconfig"; path = "Target Support Files/Pods-HackWeek/Pods-HackWeek.debug.xcconfig"; sourceTree = "<group>"; };
		51572C99456947A184244677 /* Pods-HackWeek.release.xcconfig */ = {isa = PBXFileReference; includeInIndex = 1; lastKnownFileType = text.xcconfig; name = "Pods-HackWeek.release.xcconfig"; path = "Target Support Files/Pods-HackWeek/Pods-HackWeek.release.xcconfig"; sourceTree = "<group>"; };
		D5AAF8F224CEAA8000B6AF2E /* HackWeek.app */ = {isa = PBXFileReference; explicitFileType = wrapper.application; includeInIndex = 0; path = HackWeek.app; sourceTree = BUILT_PRODUCTS_DIR; };
		D5AAF8F524CEAA8000B6AF2E /* AppDelegate.h */ = {isa = PBXFileReference; lastKnownFileType = sourcecode.c.h; path = AppDelegate.h; sourceTree = "<group>"; };
		D5AAF8F624CEAA8000B6AF2E /* AppDelegate.m */ = {isa = PBXFileReference; lastKnownFileType = sourcecode.c.objc; path = AppDelegate.m; sourceTree = "<group>"; };
		D5AAF8F824CEAA8000B6AF2E /* SceneDelegate.h */ = {isa = PBXFileReference; lastKnownFileType = sourcecode.c.h; path = SceneDelegate.h; sourceTree = "<group>"; };
		D5AAF8F924CEAA8000B6AF2E /* SceneDelegate.m */ = {isa = PBXFileReference; lastKnownFileType = sourcecode.c.objc; path = SceneDelegate.m; sourceTree = "<group>"; };
		D5AAF8FB24CEAA8000B6AF2E /* ViewController.h */ = {isa = PBXFileReference; lastKnownFileType = sourcecode.c.h; path = ViewController.h; sourceTree = "<group>"; };
		D5AAF8FC24CEAA8000B6AF2E /* ViewController.m */ = {isa = PBXFileReference; lastKnownFileType = sourcecode.c.objc; path = ViewController.m; sourceTree = "<group>"; };
		D5AAF8FF24CEAA8000B6AF2E /* Base */ = {isa = PBXFileReference; lastKnownFileType = file.storyboard; name = Base; path = Base.lproj/Main.storyboard; sourceTree = "<group>"; };
		D5AAF90224CEAA8000B6AF2E /* HackWeek.xcdatamodel */ = {isa = PBXFileReference; lastKnownFileType = wrapper.xcdatamodel; path = HackWeek.xcdatamodel; sourceTree = "<group>"; };
		D5AAF90424CEAA8300B6AF2E /* Assets.xcassets */ = {isa = PBXFileReference; lastKnownFileType = folder.assetcatalog; path = Assets.xcassets; sourceTree = "<group>"; };
		D5AAF90724CEAA8300B6AF2E /* Base */ = {isa = PBXFileReference; lastKnownFileType = file.storyboard; name = Base; path = Base.lproj/LaunchScreen.storyboard; sourceTree = "<group>"; };
		D5AAF90924CEAA8300B6AF2E /* Info.plist */ = {isa = PBXFileReference; lastKnownFileType = text.plist.xml; path = Info.plist; sourceTree = "<group>"; };
		D5AAF90A24CEAA8300B6AF2E /* main.m */ = {isa = PBXFileReference; lastKnownFileType = sourcecode.c.objc; path = main.m; sourceTree = "<group>"; };
		D5AAF91224CEAAA500B6AF2E /* LoginViewController.h */ = {isa = PBXFileReference; lastKnownFileType = sourcecode.c.h; path = LoginViewController.h; sourceTree = "<group>"; };
		D5AAF91324CEAAA500B6AF2E /* LoginViewController.m */ = {isa = PBXFileReference; lastKnownFileType = sourcecode.c.objc; path = LoginViewController.m; sourceTree = "<group>"; };
		D5AAF91624CEBB5D00B6AF2E /* MainViewController.h */ = {isa = PBXFileReference; lastKnownFileType = sourcecode.c.h; path = MainViewController.h; sourceTree = "<group>"; };
		D5AAF91724CEBB5D00B6AF2E /* MainViewController.m */ = {isa = PBXFileReference; lastKnownFileType = sourcecode.c.objc; path = MainViewController.m; sourceTree = "<group>"; };
		D5AAF91924D05AAA00B6AF2E /* RegisterViewController.h */ = {isa = PBXFileReference; lastKnownFileType = sourcecode.c.h; path = RegisterViewController.h; sourceTree = "<group>"; };
		D5AAF91A24D05AAA00B6AF2E /* RegisterViewController.m */ = {isa = PBXFileReference; lastKnownFileType = sourcecode.c.objc; path = RegisterViewController.m; sourceTree = "<group>"; };
		D5AAF91F24D0F86300B6AF2E /* PageTableViewCell.h */ = {isa = PBXFileReference; lastKnownFileType = sourcecode.c.h; path = PageTableViewCell.h; sourceTree = "<group>"; };
		D5AAF92024D0F86300B6AF2E /* PageTableViewCell.m */ = {isa = PBXFileReference; lastKnownFileType = sourcecode.c.objc; path = PageTableViewCell.m; sourceTree = "<group>"; };
		D5AAF92224D1282B00B6AF2E /* PageTableViewController.h */ = {isa = PBXFileReference; lastKnownFileType = sourcecode.c.h; path = PageTableViewController.h; sourceTree = "<group>"; };
		D5AAF92324D1282B00B6AF2E /* PageTableViewController.m */ = {isa = PBXFileReference; lastKnownFileType = sourcecode.c.objc; path = PageTableViewController.m; sourceTree = "<group>"; };
		D5AAF92624D16CD700B6AF2E /* UserInfo.h */ = {isa = PBXFileReference; lastKnownFileType = sourcecode.c.h; path = UserInfo.h; sourceTree = "<group>"; };
		D5AAF92724D16CD700B6AF2E /* UserInfo.m */ = {isa = PBXFileReference; lastKnownFileType = sourcecode.c.objc; path = UserInfo.m; sourceTree = "<group>"; };
		D5AAF92A24D16F4D00B6AF2E /* CustomTabbarViewController.h */ = {isa = PBXFileReference; lastKnownFileType = sourcecode.c.h; path = CustomTabbarViewController.h; sourceTree = "<group>"; };
		D5AAF92B24D16F4D00B6AF2E /* CustomTabbarViewController.m */ = {isa = PBXFileReference; lastKnownFileType = sourcecode.c.objc; path = CustomTabbarViewController.m; sourceTree = "<group>"; };
		D5AAF93024D1753200B6AF2E /* PostTableViewController.h */ = {isa = PBXFileReference; lastKnownFileType = sourcecode.c.h; path = PostTableViewController.h; sourceTree = "<group>"; };
		D5AAF93124D1753200B6AF2E /* PostTableViewController.m */ = {isa = PBXFileReference; lastKnownFileType = sourcecode.c.objc; path = PostTableViewController.m; sourceTree = "<group>"; };
		E2E7958D7D4438D5297D7765 /* libPods-HackWeek.a */ = {isa = PBXFileReference; explicitFileType = archive.ar; includeInIndex = 0; path = "libPods-HackWeek.a"; sourceTree = BUILT_PRODUCTS_DIR; };
/* End PBXFileReference section */

/* Begin PBXFrameworksBuildPhase section */
		D5AAF8EF24CEAA8000B6AF2E /* Frameworks */ = {
			isa = PBXFrameworksBuildPhase;
			buildActionMask = 2147483647;
			files = (
				0EA1609E00F30D5C91B58E51 /* libPods-HackWeek.a in Frameworks */,
			);
			runOnlyForDeploymentPostprocessing = 0;
		};
/* End PBXFrameworksBuildPhase section */

/* Begin PBXGroup section */
		2C8AB323746EF6F92EBD4A50 /* Pods */ = {
			isa = PBXGroup;
			children = (
				0ED11203A8D8DCBCB0E1F9A3 /* Pods-HackWeek.debug.xcconfig */,
				51572C99456947A184244677 /* Pods-HackWeek.release.xcconfig */,
			);
			path = Pods;
			sourceTree = "<group>";
		};
		643B78BFDACDE55223092C91 /* Frameworks */ = {
			isa = PBXGroup;
			children = (
				E2E7958D7D4438D5297D7765 /* libPods-HackWeek.a */,
			);
			name = Frameworks;
			sourceTree = "<group>";
		};
		D5AAF8E924CEAA8000B6AF2E = {
			isa = PBXGroup;
			children = (
				D5AAF8F424CEAA8000B6AF2E /* HackWeek */,
				D5AAF8F324CEAA8000B6AF2E /* Products */,
				2C8AB323746EF6F92EBD4A50 /* Pods */,
				643B78BFDACDE55223092C91 /* Frameworks */,
			);
			sourceTree = "<group>";
		};
		D5AAF8F324CEAA8000B6AF2E /* Products */ = {
			isa = PBXGroup;
			children = (
				D5AAF8F224CEAA8000B6AF2E /* HackWeek.app */,
			);
			name = Products;
			sourceTree = "<group>";
		};
		D5AAF8F424CEAA8000B6AF2E /* HackWeek */ = {
			isa = PBXGroup;
			children = (
				D5AAF91524CEBB4E00B6AF2E /* Main */,
				D5AAF91124CEAA9100B6AF2E /* Login */,
				D5AAF8F524CEAA8000B6AF2E /* AppDelegate.h */,
				D5AAF8F624CEAA8000B6AF2E /* AppDelegate.m */,
				D5AAF8F824CEAA8000B6AF2E /* SceneDelegate.h */,
				D5AAF8F924CEAA8000B6AF2E /* SceneDelegate.m */,
				D5AAF8FB24CEAA8000B6AF2E /* ViewController.h */,
				D5AAF8FC24CEAA8000B6AF2E /* ViewController.m */,
				D5AAF8FE24CEAA8000B6AF2E /* Main.storyboard */,
				D5AAF90424CEAA8300B6AF2E /* Assets.xcassets */,
				D5AAF90624CEAA8300B6AF2E /* LaunchScreen.storyboard */,
				D5AAF90924CEAA8300B6AF2E /* Info.plist */,
				D5AAF90A24CEAA8300B6AF2E /* main.m */,
				D5AAF90124CEAA8000B6AF2E /* HackWeek.xcdatamodeld */,
			);
			path = HackWeek;
			sourceTree = "<group>";
		};
		D5AAF91124CEAA9100B6AF2E /* Login */ = {
			isa = PBXGroup;
			children = (
				D5AAF91224CEAAA500B6AF2E /* LoginViewController.h */,
				D5AAF91324CEAAA500B6AF2E /* LoginViewController.m */,
				D5AAF91924D05AAA00B6AF2E /* RegisterViewController.h */,
				D5AAF91A24D05AAA00B6AF2E /* RegisterViewController.m */,
			);
			path = Login;
			sourceTree = "<group>";
		};
		D5AAF91524CEBB4E00B6AF2E /* Main */ = {
			isa = PBXGroup;
			children = (
				D5AAF92924D16F2B00B6AF2E /* TabBar */,
				D5AAF92524D16CC500B6AF2E /* UserInfo */,
				D5AAF91E24D0F84800B6AF2E /* Profile */,
				D5AAF91D24D0F84200B6AF2E /* Message */,
				D5AAF91C24D0F82000B6AF2E /* Pages */,
				D5AAF91624CEBB5D00B6AF2E /* MainViewController.h */,
				D5AAF91724CEBB5D00B6AF2E /* MainViewController.m */,
			);
			path = Main;
			sourceTree = "<group>";
		};
		D5AAF91C24D0F82000B6AF2E /* Pages */ = {
			isa = PBXGroup;
			children = (
				D5AAF91F24D0F86300B6AF2E /* PageTableViewCell.h */,
				D5AAF92024D0F86300B6AF2E /* PageTableViewCell.m */,
				D5AAF92224D1282B00B6AF2E /* PageTableViewController.h */,
				D5AAF92324D1282B00B6AF2E /* PageTableViewController.m */,
				D5AAF93024D1753200B6AF2E /* PostTableViewController.h */,
				D5AAF93124D1753200B6AF2E /* PostTableViewController.m */,
			);
			path = Pages;
			sourceTree = "<group>";
		};
		D5AAF91D24D0F84200B6AF2E /* Message */ = {
			isa = PBXGroup;
			children = (
			);
			path = Message;
			sourceTree = "<group>";
		};
		D5AAF91E24D0F84800B6AF2E /* Profile */ = {
			isa = PBXGroup;
			children = (
			);
			path = Profile;
			sourceTree = "<group>";
		};
		D5AAF92524D16CC500B6AF2E /* UserInfo */ = {
			isa = PBXGroup;
			children = (
				D5AAF92624D16CD700B6AF2E /* UserInfo.h */,
				D5AAF92724D16CD700B6AF2E /* UserInfo.m */,
			);
			path = UserInfo;
			sourceTree = "<group>";
		};
		D5AAF92924D16F2B00B6AF2E /* TabBar */ = {
			isa = PBXGroup;
			children = (
				D5AAF92A24D16F4D00B6AF2E /* CustomTabbarViewController.h */,
				D5AAF92B24D16F4D00B6AF2E /* CustomTabbarViewController.m */,
			);
			path = TabBar;
			sourceTree = "<group>";
		};
/* End PBXGroup section */

/* Begin PBXNativeTarget section */
		D5AAF8F124CEAA8000B6AF2E /* HackWeek */ = {
			isa = PBXNativeTarget;
			buildConfigurationList = D5AAF90E24CEAA8300B6AF2E /* Build configuration list for PBXNativeTarget "HackWeek" */;
			buildPhases = (
				C195ADE00FF67178FAB8814F /* [CP] Check Pods Manifest.lock */,
				D5AAF8EE24CEAA8000B6AF2E /* Sources */,
				D5AAF8EF24CEAA8000B6AF2E /* Frameworks */,
				D5AAF8F024CEAA8000B6AF2E /* Resources */,
			);
			buildRules = (
			);
			dependencies = (
			);
			name = HackWeek;
			productName = HackWeek;
			productReference = D5AAF8F224CEAA8000B6AF2E /* HackWeek.app */;
			productType = "com.apple.product-type.application";
		};
/* End PBXNativeTarget section */

/* Begin PBXProject section */
		D5AAF8EA24CEAA8000B6AF2E /* Project object */ = {
			isa = PBXProject;
			attributes = {
				LastUpgradeCheck = 1160;
				ORGANIZATIONNAME = Godlowd;
				TargetAttributes = {
					D5AAF8F124CEAA8000B6AF2E = {
						CreatedOnToolsVersion = 11.6;
					};
				};
			};
			buildConfigurationList = D5AAF8ED24CEAA8000B6AF2E /* Build configuration list for PBXProject "HackWeek" */;
			compatibilityVersion = "Xcode 9.3";
			developmentRegion = en;
			hasScannedForEncodings = 0;
			knownRegions = (
				en,
				Base,
			);
			mainGroup = D5AAF8E924CEAA8000B6AF2E;
			productRefGroup = D5AAF8F324CEAA8000B6AF2E /* Products */;
			projectDirPath = "";
			projectRoot = "";
			targets = (
				D5AAF8F124CEAA8000B6AF2E /* HackWeek */,
			);
		};
/* End PBXProject section */

/* Begin PBXResourcesBuildPhase section */
		D5AAF8F024CEAA8000B6AF2E /* Resources */ = {
			isa = PBXResourcesBuildPhase;
			buildActionMask = 2147483647;
			files = (
				D5AAF90824CEAA8300B6AF2E /* LaunchScreen.storyboard in Resources */,
				D5AAF90524CEAA8300B6AF2E /* Assets.xcassets in Resources */,
				D5AAF90024CEAA8000B6AF2E /* Main.storyboard in Resources */,
			);
			runOnlyForDeploymentPostprocessing = 0;
		};
/* End PBXResourcesBuildPhase section */

/* Begin PBXShellScriptBuildPhase section */
		C195ADE00FF67178FAB8814F /* [CP] Check Pods Manifest.lock */ = {
			isa = PBXShellScriptBuildPhase;
			buildActionMask = 2147483647;
			files = (
			);
			inputFileListPaths = (
			);
			inputPaths = (
				"${PODS_PODFILE_DIR_PATH}/Podfile.lock",
				"${PODS_ROOT}/Manifest.lock",
			);
			name = "[CP] Check Pods Manifest.lock";
			outputFileListPaths = (
			);
			outputPaths = (
				"$(DERIVED_FILE_DIR)/Pods-HackWeek-checkManifestLockResult.txt",
			);
			runOnlyForDeploymentPostprocessing = 0;
			shellPath = /bin/sh;
			shellScript = "diff \"${PODS_PODFILE_DIR_PATH}/Podfile.lock\" \"${PODS_ROOT}/Manifest.lock\" > /dev/null\nif [ $? != 0 ] ; then\n    # print error to STDERR\n    echo \"error: The sandbox is not in sync with the Podfile.lock. Run 'pod install' or update your CocoaPods installation.\" >&2\n    exit 1\nfi\n# This output is used by Xcode 'outputs' to avoid re-running this script phase.\necho \"SUCCESS\" > \"${SCRIPT_OUTPUT_FILE_0}\"\n";
			showEnvVarsInLog = 0;
		};
/* End PBXShellScriptBuildPhase section */

/* Begin PBXSourcesBuildPhase section */
		D5AAF8EE24CEAA8000B6AF2E /* Sources */ = {
			isa = PBXSourcesBuildPhase;
			buildActionMask = 2147483647;
			files = (
				D5AAF90B24CEAA8300B6AF2E /* main.m in Sources */,
				D5AAF93224D1753200B6AF2E /* PostTableViewController.m in Sources */,
				D5AAF90324CEAA8000B6AF2E /* HackWeek.xcdatamodeld in Sources */,
				D5AAF92424D1282B00B6AF2E /* PageTableViewController.m in Sources */,
				D5AAF92124D0F86300B6AF2E /* PageTableViewCell.m in Sources */,
				D5AAF91424CEAAA500B6AF2E /* LoginViewController.m in Sources */,
				D5AAF8FD24CEAA8000B6AF2E /* ViewController.m in Sources */,
				D5AAF91824CEBB5D00B6AF2E /* MainViewController.m in Sources */,
				D5AAF8F724CEAA8000B6AF2E /* AppDelegate.m in Sources */,
				D5AAF92824D16CD700B6AF2E /* UserInfo.m in Sources */,
				D5AAF92C24D16F4D00B6AF2E /* CustomTabbarViewController.m in Sources */,
				D5AAF8FA24CEAA8000B6AF2E /* SceneDelegate.m in Sources */,
				D5AAF91B24D05AAA00B6AF2E /* RegisterViewController.m in Sources */,
			);
			runOnlyForDeploymentPostprocessing = 0;
		};
/* End PBXSourcesBuildPhase section */

/* Begin PBXVariantGroup section */
		D5AAF8FE24CEAA8000B6AF2E /* Main.storyboard */ = {
			isa = PBXVariantGroup;
			children = (
				D5AAF8FF24CEAA8000B6AF2E /* Base */,
			);
			name = Main.storyboard;
			sourceTree = "<group>";
		};
		D5AAF90624CEAA8300B6AF2E /* LaunchScreen.storyboard */ = {
			isa = PBXVariantGroup;
			children = (
				D5AAF90724CEAA8300B6AF2E /* Base */,
			);
			name = LaunchScreen.storyboard;
			sourceTree = "<group>";
		};
/* End PBXVariantGroup section */

/* Begin XCBuildConfiguration section */
		D5AAF90C24CEAA8300B6AF2E /* Debug */ = {
			isa = XCBuildConfiguration;
			buildSettings = {
				ALWAYS_SEARCH_USER_PATHS = NO;
				CLANG_ANALYZER_NONNULL = YES;
				CLANG_ANALYZER_NUMBER_OBJECT_CONVERSION = YES_AGGRESSIVE;
				CLANG_CXX_LANGUAGE_STANDARD = "gnu++14";
				CLANG_CXX_LIBRARY = "libc++";
				CLANG_ENABLE_MODULES = YES;
				CLANG_ENABLE_OBJC_ARC = YES;
				CLANG_ENABLE_OBJC_WEAK = YES;
				CLANG_WARN_BLOCK_CAPTURE_AUTORELEASING = YES;
				CLANG_WARN_BOOL_CONVERSION = YES;
				CLANG_WARN_COMMA = YES;
				CLANG_WARN_CONSTANT_CONVERSION = YES;
				CLANG_WARN_DEPRECATED_OBJC_IMPLEMENTATIONS = YES;
				CLANG_WARN_DIRECT_OBJC_ISA_USAGE = YES_ERROR;
				CLANG_WARN_DOCUMENTATION_COMMENTS = YES;
				CLANG_WARN_EMPTY_BODY = YES;
				CLANG_WARN_ENUM_CONVERSION = YES;
				CLANG_WARN_INFINITE_RECURSION = YES;
				CLANG_WARN_INT_CONVERSION = YES;
				CLANG_WARN_NON_LITERAL_NULL_CONVERSION = YES;
				CLANG_WARN_OBJC_IMPLICIT_RETAIN_SELF = YES;
				CLANG_WARN_OBJC_LITERAL_CONVERSION = YES;
				CLANG_WARN_OBJC_ROOT_CLASS = YES_ERROR;
				CLANG_WARN_RANGE_LOOP_ANALYSIS = YES;
				CLANG_WARN_STRICT_PROTOTYPES = YES;
				CLANG_WARN_SUSPICIOUS_MOVE = YES;
				CLANG_WARN_UNGUARDED_AVAILABILITY = YES_AGGRESSIVE;
				CLANG_WARN_UNREACHABLE_CODE = YES;
				CLANG_WARN__DUPLICATE_METHOD_MATCH = YES;
				COPY_PHASE_STRIP = NO;
				DEBUG_INFORMATION_FORMAT = dwarf;
				ENABLE_STRICT_OBJC_MSGSEND = YES;
				ENABLE_TESTABILITY = YES;
				GCC_C_LANGUAGE_STANDARD = gnu11;
				GCC_DYNAMIC_NO_PIC = NO;
				GCC_NO_COMMON_BLOCKS = YES;
				GCC_OPTIMIZATION_LEVEL = 0;
				GCC_PREPROCESSOR_DEFINITIONS = (
					"DEBUG=1",
					"$(inherited)",
				);
				GCC_WARN_64_TO_32_BIT_CONVERSION = YES;
				GCC_WARN_ABOUT_RETURN_TYPE = YES_ERROR;
				GCC_WARN_UNDECLARED_SELECTOR = YES;
				GCC_WARN_UNINITIALIZED_AUTOS = YES_AGGRESSIVE;
				GCC_WARN_UNUSED_FUNCTION = YES;
				GCC_WARN_UNUSED_VARIABLE = YES;
				IPHONEOS_DEPLOYMENT_TARGET = 13.6;
				MTL_ENABLE_DEBUG_INFO = INCLUDE_SOURCE;
				MTL_FAST_MATH = YES;
				ONLY_ACTIVE_ARCH = YES;
				SDKROOT = iphoneos;
			};
			name = Debug;
		};
		D5AAF90D24CEAA8300B6AF2E /* Release */ = {
			isa = XCBuildConfiguration;
			buildSettings = {
				ALWAYS_SEARCH_USER_PATHS = NO;
				CLANG_ANALYZER_NONNULL = YES;
				CLANG_ANALYZER_NUMBER_OBJECT_CONVERSION = YES_AGGRESSIVE;
				CLANG_CXX_LANGUAGE_STANDARD = "gnu++14";
				CLANG_CXX_LIBRARY = "libc++";
				CLANG_ENABLE_MODULES = YES;
				CLANG_ENABLE_OBJC_ARC = YES;
				CLANG_ENABLE_OBJC_WEAK = YES;
				CLANG_WARN_BLOCK_CAPTURE_AUTORELEASING = YES;
				CLANG_WARN_BOOL_CONVERSION = YES;
				CLANG_WARN_COMMA = YES;
				CLANG_WARN_CONSTANT_CONVERSION = YES;
				CLANG_WARN_DEPRECATED_OBJC_IMPLEMENTATIONS = YES;
				CLANG_WARN_DIRECT_OBJC_ISA_USAGE = YES_ERROR;
				CLANG_WARN_DOCUMENTATION_COMMENTS = YES;
				CLANG_WARN_EMPTY_BODY = YES;
				CLANG_WARN_ENUM_CONVERSION = YES;
				CLANG_WARN_INFINITE_RECURSION = YES;
				CLANG_WARN_INT_CONVERSION = YES;
				CLANG_WARN_NON_LITERAL_NULL_CONVERSION = YES;
				CLANG_WARN_OBJC_IMPLICIT_RETAIN_SELF = YES;
				CLANG_WARN_OBJC_LITERAL_CONVERSION = YES;
				CLANG_WARN_OBJC_ROOT_CLASS = YES_ERROR;
				CLANG_WARN_RANGE_LOOP_ANALYSIS = YES;
				CLANG_WARN_STRICT_PROTOTYPES = YES;
				CLANG_WARN_SUSPICIOUS_MOVE = YES;
				CLANG_WARN_UNGUARDED_AVAILABILITY = YES_AGGRESSIVE;
				CLANG_WARN_UNREACHABLE_CODE = YES;
				CLANG_WARN__DUPLICATE_METHOD_MATCH = YES;
				COPY_PHASE_STRIP = NO;
				DEBUG_INFORMATION_FORMAT = "dwarf-with-dsym";
				ENABLE_NS_ASSERTIONS = NO;
				ENABLE_STRICT_OBJC_MSGSEND = YES;
				GCC_C_LANGUAGE_STANDARD = gnu11;
				GCC_NO_COMMON_BLOCKS = YES;
				GCC_WARN_64_TO_32_BIT_CONVERSION = YES;
				GCC_WARN_ABOUT_RETURN_TYPE = YES_ERROR;
				GCC_WARN_UNDECLARED_SELECTOR = YES;
				GCC_WARN_UNINITIALIZED_AUTOS = YES_AGGRESSIVE;
				GCC_WARN_UNUSED_FUNCTION = YES;
				GCC_WARN_UNUSED_VARIABLE = YES;
				IPHONEOS_DEPLOYMENT_TARGET = 13.6;
				MTL_ENABLE_DEBUG_INFO = NO;
				MTL_FAST_MATH = YES;
				SDKROOT = iphoneos;
				VALIDATE_PRODUCT = YES;
			};
			name = Release;
		};
		D5AAF90F24CEAA8300B6AF2E /* Debug */ = {
			isa = XCBuildConfiguration;
			baseConfigurationReference = 0ED11203A8D8DCBCB0E1F9A3 /* Pods-HackWeek.debug.xcconfig */;
			buildSettings = {
				ASSETCATALOG_COMPILER_APPICON_NAME = AppIcon;
				CODE_SIGN_STYLE = Automatic;
				DEVELOPMENT_TEAM = 2H75278LLG;
				INFOPLIST_FILE = HackWeek/Info.plist;
				LD_RUNPATH_SEARCH_PATHS = (
					"$(inherited)",
					"@executable_path/Frameworks",
				);
				PRODUCT_BUNDLE_IDENTIFIER = com.huangshaofei.HackWeek;
				PRODUCT_NAME = "$(TARGET_NAME)";
				TARGETED_DEVICE_FAMILY = "1,2";
			};
			name = Debug;
		};
		D5AAF91024CEAA8300B6AF2E /* Release */ = {
			isa = XCBuildConfiguration;
			baseConfigurationReference = 51572C99456947A184244677 /* Pods-HackWeek.release.xcconfig */;
			buildSettings = {
				ASSETCATALOG_COMPILER_APPICON_NAME = AppIcon;
				CODE_SIGN_STYLE = Automatic;
				DEVELOPMENT_TEAM = 2H75278LLG;
				INFOPLIST_FILE = HackWeek/Info.plist;
				LD_RUNPATH_SEARCH_PATHS = (
					"$(inherited)",
					"@executable_path/Frameworks",
				);
				PRODUCT_BUNDLE_IDENTIFIER = com.huangshaofei.HackWeek;
				PRODUCT_NAME = "$(TARGET_NAME)";
				TARGETED_DEVICE_FAMILY = "1,2";
			};
			name = Release;
		};
/* End XCBuildConfiguration section */

/* Begin XCConfigurationList section */
		D5AAF8ED24CEAA8000B6AF2E /* Build configuration list for PBXProject "HackWeek" */ = {
			isa = XCConfigurationList;
			buildConfigurations = (
				D5AAF90C24CEAA8300B6AF2E /* Debug */,
				D5AAF90D24CEAA8300B6AF2E /* Release */,
			);
			defaultConfigurationIsVisible = 0;
			defaultConfigurationName = Release;
		};
		D5AAF90E24CEAA8300B6AF2E /* Build configuration list for PBXNativeTarget "HackWeek" */ = {
			isa = XCConfigurationList;
			buildConfigurations = (
				D5AAF90F24CEAA8300B6AF2E /* Debug */,
				D5AAF91024CEAA8300B6AF2E /* Release */,
			);
			defaultConfigurationIsVisible = 0;
			defaultConfigurationName = Release;
		};
/* End XCConfigurationList section */

/* Begin XCVersionGroup section */
		D5AAF90124CEAA8000B6AF2E /* HackWeek.xcdatamodeld */ = {
			isa = XCVersionGroup;
			children = (
				D5AAF90224CEAA8000B6AF2E /* HackWeek.xcdatamodel */,
			);
			currentVersion = D5AAF90224CEAA8000B6AF2E /* HackWeek.xcdatamodel */;
			path = HackWeek.xcdatamodeld;
			sourceTree = "<group>";
			versionGroupType = wrapper.xcdatamodel;
		};
/* End XCVersionGroup section */
	};
	rootObject = D5AAF8EA24CEAA8000B6AF2E /* Project object */;
}
